
Microsoft Visual Studio Solution File, Format Version 12.00
# Visual Studio Version 17
VisualStudioVersion = 17.4.33213.308
MinimumVisualStudioVersion = 10.0.40219.1
Project("{9A19103F-16F7-4668-BE54-9A1E7A4F7556}") = "DNV.UI", "AppCube\DNV.UI.csproj", "{0AC81AAF-3264-47B5-9443-C0F0351F2258}"
EndProject
Project("{2150E333-8FDC-42A3-9474-1A3956D46DE8}") = "1.UI", "1.UI", "{5BB7A3E4-FB26-4794-B210-B7544A3755EF}"
EndProject
Project("{2150E333-8FDC-42A3-9474-1A3956D46DE8}") = "2.API", "2.API", "{28975AC7-DCCD-4773-BD1C-483C30D14340}"
EndProject
Project("{2150E333-8FDC-42A3-9474-1A3956D46DE8}") = "3.Service", "3.Service", "{E1C30A8B-3FCD-4CEA-88CE-E572BB966515}"
EndProject
Project("{2150E333-8FDC-42A3-9474-1A3956D46DE8}") = "4.Model", "4.Model", "{56C7EEFB-9205-4B23-8670-52A9CF208A2B}"
EndProject
Project("{2150E333-8FDC-42A3-9474-1A3956D46DE8}") = "7.Database", "7.Database", "{6D7F084F-8634-4C78-B7F8-458B1D88D11B}"
EndProject
Project("{2150E333-8FDC-42A3-9474-1A3956D46DE8}") = "5. Shared", "5. Shared", "{15BB2B19-4A8F-4343-81F8-F29FBFCFC229}"
EndProject
Project("{9A19103F-16F7-4668-BE54-9A1E7A4F7556}") = "DNV.UI.Service", "AppCube.Service\DNV.UI.Service.csproj", "{3467A0D0-0471-4E38-9FFA-60485C2C6588}"
EndProject
Project("{9A19103F-16F7-4668-BE54-9A1E7A4F7556}") = "DNV.Service.Procedures", "AppCube.Service.Procedures\DNV.Service.Procedures.csproj", "{C8FEF14E-6724-4CEC-AA75-A024734B1CB2}"
EndProject
Project("{9A19103F-16F7-4668-BE54-9A1E7A4F7556}") = "DNV.Model", "AppCube.Model\DNV.Model.csproj", "{5E5A232E-B4CB-48E2-B0B9-735D8B122BAD}"
EndProject
Project("{00D1A9C2-B5F0-4AF3-8072-F6C62B433612}") = "DNV.Database", "AppWeb.DNV\DNV.Database.sqlproj", "{C75704B7-4C10-4538-883B-82CA65DD3A2C}"
EndProject
Project("{9A19103F-16F7-4668-BE54-9A1E7A4F7556}") = "DNV.Utils", "DNV.Utils\DNV.Utils.csproj", "{C8C3CE8B-18F0-48D5-9934-6FD0320BF347}"
EndProject
Project("{9A19103F-16F7-4668-BE54-9A1E7A4F7556}") = "DNV.API", "AppWeb.API\DNV.API.csproj", "{169AD43B-8249-4F31-B029-7D17BA4219DF}"
EndProject
Project("{2150E333-8FDC-42A3-9474-1A3956D46DE8}") = "6.Test", "6.Test", "{B8A62F02-A271-47D5-976A-CA26D006343B}"
EndProject
Project("{9A19103F-16F7-4668-BE54-9A1E7A4F7556}") = "TEST.UI", "TEST.UI\TEST.UI.csproj", "{E70E97A6-43C4-4810-B5EB-3733C17F07ED}"
EndProject
Project("{9A19103F-16F7-4668-BE54-9A1E7A4F7556}") = "TEST.UnitTest", "TEST.UnitTest\TEST.UnitTest.csproj", "{D98EA192-4966-4AD4-BD7D-A0FAD17DBCE0}"
EndProject
Global
	GlobalSection(SolutionConfigurationPlatforms) = preSolution
		Debug|Any CPU = Debug|Any CPU
		Release|Any CPU = Release|Any CPU
	EndGlobalSection
	GlobalSection(ProjectConfigurationPlatforms) = postSolution
		{0AC81AAF-3264-47B5-9443-C0F0351F2258}.Debug|Any CPU.ActiveCfg = Debug|Any CPU
		{0AC81AAF-3264-47B5-9443-C0F0351F2258}.Debug|Any CPU.Build.0 = Debug|Any CPU
		{0AC81AAF-3264-47B5-9443-C0F0351F2258}.Release|Any CPU.ActiveCfg = Release|Any CPU
		{0AC81AAF-3264-47B5-9443-C0F0351F2258}.Release|Any CPU.Build.0 = Release|Any CPU
		{3467A0D0-0471-4E38-9FFA-60485C2C6588}.Debug|Any CPU.ActiveCfg = Debug|Any CPU
		{3467A0D0-0471-4E38-9FFA-60485C2C6588}.Debug|Any CPU.Build.0 = Debug|Any CPU
		{3467A0D0-0471-4E38-9FFA-60485C2C6588}.Release|Any CPU.ActiveCfg = Release|Any CPU
		{3467A0D0-0471-4E38-9FFA-60485C2C6588}.Release|Any CPU.Build.0 = Release|Any CPU
		{C8FEF14E-6724-4CEC-AA75-A024734B1CB2}.Debug|Any CPU.ActiveCfg = Debug|Any CPU
		{C8FEF14E-6724-4CEC-AA75-A024734B1CB2}.Debug|Any CPU.Build.0 = Debug|Any CPU
		{C8FEF14E-6724-4CEC-AA75-A024734B1CB2}.Release|Any CPU.ActiveCfg = Release|Any CPU
		{C8FEF14E-6724-4CEC-AA75-A024734B1CB2}.Release|Any CPU.Build.0 = Release|Any CPU
		{5E5A232E-B4CB-48E2-B0B9-735D8B122BAD}.Debug|Any CPU.ActiveCfg = Debug|Any CPU
		{5E5A232E-B4CB-48E2-B0B9-735D8B122BAD}.Debug|Any CPU.Build.0 = Debug|Any CPU
		{5E5A232E-B4CB-48E2-B0B9-735D8B122BAD}.Release|Any CPU.ActiveCfg = Release|Any CPU
		{5E5A232E-B4CB-48E2-B0B9-735D8B122BAD}.Release|Any CPU.Build.0 = Release|Any CPU
		{C75704B7-4C10-4538-883B-82CA65DD3A2C}.Debug|Any CPU.ActiveCfg = Debug|Any CPU
		{C75704B7-4C10-4538-883B-82CA65DD3A2C}.Debug|Any CPU.Build.0 = Debug|Any CPU
		{C75704B7-4C10-4538-883B-82CA65DD3A2C}.Debug|Any CPU.Deploy.0 = Debug|Any CPU
		{C75704B7-4C10-4538-883B-82CA65DD3A2C}.Release|Any CPU.ActiveCfg = Release|Any CPU
		{C75704B7-4C10-4538-883B-82CA65DD3A2C}.Release|Any CPU.Build.0 = Release|Any CPU
		{C75704B7-4C10-4538-883B-82CA65DD3A2C}.Release|Any CPU.Deploy.0 = Release|Any CPU
		{C8C3CE8B-18F0-48D5-9934-6FD0320BF347}.Debug|Any CPU.ActiveCfg = Debug|Any CPU
		{C8C3CE8B-18F0-48D5-9934-6FD0320BF347}.Debug|Any CPU.Build.0 = Debug|Any CPU
		{C8C3CE8B-18F0-48D5-9934-6FD0320BF347}.Release|Any CPU.ActiveCfg = Release|Any CPU
		{C8C3CE8B-18F0-48D5-9934-6FD0320BF347}.Release|Any CPU.Build.0 = Release|Any CPU
		{169AD43B-8249-4F31-B029-7D17BA4219DF}.Debug|Any CPU.ActiveCfg = Debug|Any CPU
		{169AD43B-8249-4F31-B029-7D17BA4219DF}.Debug|Any CPU.Build.0 = Debug|Any CPU
		{169AD43B-8249-4F31-B029-7D17BA4219DF}.Release|Any CPU.ActiveCfg = Release|Any CPU
		{169AD43B-8249-4F31-B029-7D17BA4219DF}.Release|Any CPU.Build.0 = Release|Any CPU
		{E70E97A6-43C4-4810-B5EB-3733C17F07ED}.Debug|Any CPU.ActiveCfg = Debug|Any CPU
		{E70E97A6-43C4-4810-B5EB-3733C17F07ED}.Debug|Any CPU.Build.0 = Debug|Any CPU
		{E70E97A6-43C4-4810-B5EB-3733C17F07ED}.Release|Any CPU.ActiveCfg = Release|Any CPU
		{E70E97A6-43C4-4810-B5EB-3733C17F07ED}.Release|Any CPU.Build.0 = Release|Any CPU
		{D98EA192-4966-4AD4-BD7D-A0FAD17DBCE0}.Debug|Any CPU.ActiveCfg = Debug|Any CPU
		{D98EA192-4966-4AD4-BD7D-A0FAD17DBCE0}.Debug|Any CPU.Build.0 = Debug|Any CPU
		{D98EA192-4966-4AD4-BD7D-A0FAD17DBCE0}.Release|Any CPU.ActiveCfg = Release|Any CPU
		{D98EA192-4966-4AD4-BD7D-A0FAD17DBCE0}.Release|Any CPU.Build.0 = Release|Any CPU
	EndGlobalSection
	GlobalSection(SolutionProperties) = preSolution
		HideSolutionNode = FALSE
	EndGlobalSection
	GlobalSection(NestedProjects) = preSolution
		{0AC81AAF-3264-47B5-9443-C0F0351F2258} = {5BB7A3E4-FB26-4794-B210-B7544A3755EF}
		{3467A0D0-0471-4E38-9FFA-60485C2C6588} = {5BB7A3E4-FB26-4794-B210-B7544A3755EF}
		{C8FEF14E-6724-4CEC-AA75-A024734B1CB2} = {E1C30A8B-3FCD-4CEA-88CE-E572BB966515}
		{5E5A232E-B4CB-48E2-B0B9-735D8B122BAD} = {56C7EEFB-9205-4B23-8670-52A9CF208A2B}
		{C75704B7-4C10-4538-883B-82CA65DD3A2C} = {6D7F084F-8634-4C78-B7F8-458B1D88D11B}
		{C8C3CE8B-18F0-48D5-9934-6FD0320BF347} = {15BB2B19-4A8F-4343-81F8-F29FBFCFC229}
		{169AD43B-8249-4F31-B029-7D17BA4219DF} = {28975AC7-DCCD-4773-BD1C-483C30D14340}
		{E70E97A6-43C4-4810-B5EB-3733C17F07ED} = {B8A62F02-A271-47D5-976A-CA26D006343B}
		{D98EA192-4966-4AD4-BD7D-A0FAD17DBCE0} = {B8A62F02-A271-47D5-976A-CA26D006343B}
	EndGlobalSection
	GlobalSection(ExtensibilityGlobals) = postSolution
		SolutionGuid = {674B363E-81CF-4639-B77A-C9F53C460D5F}
	EndGlobalSection
EndGlobal
